
Microsoft Visual Studio Solution File, Format Version 12.00
# Visual Studio for Mac
Project("{FAE04EC0-301F-11D3-BF4B-00C04F79EFBC}") = "WatsonUnitySDK", "WatsonUnitySDK.csproj", "{503498CD-184C-73B4-296B-86F71C5F932B}"
EndProject
Project("{FAE04EC0-301F-11D3-BF4B-00C04F79EFBC}") = "IBM.Cloud.SDK", "IBM.Cloud.SDK.csproj", "{248764A7-98E1-DDAC-B4E9-C3486F184A1E}"
EndProject
Project("{FAE04EC0-301F-11D3-BF4B-00C04F79EFBC}") = "IBM.Watson.Tests", "IBM.Watson.Tests.csproj", "{3F8B899E-F552-A05A-BC2A-0C74428BF65F}"
EndProject
Project("{FAE04EC0-301F-11D3-BF4B-00C04F79EFBC}") = "Assembly-CSharp", "Assembly-CSharp.csproj", "{71432215-CFC0-B2D5-D031-22C7BA7A4D26}"
EndProject
Project("{FAE04EC0-301F-11D3-BF4B-00C04F79EFBC}") = "IBM.Cloud.SDK.Tests", "IBM.Cloud.SDK.Tests.csproj", "{1437DBAF-92C5-4AAD-6564-F8A4A9E8D5CE}"
EndProject
Project("{FAE04EC0-301F-11D3-BF4B-00C04F79EFBC}") = "Assembly-CSharp-Editor", "Assembly-CSharp-Editor.csproj", "{B837DF62-ACAE-E81B-00D7-6741E7E2994A}"
EndProject
Global
	GlobalSection(SolutionConfigurationPlatforms) = preSolution
		Debug|Any CPU = Debug|Any CPU
		Release|Any CPU = Release|Any CPU
	EndGlobalSection
	GlobalSection(ProjectConfigurationPlatforms) = postSolution
		{503498CD-184C-73B4-296B-86F71C5F932B}.Debug|Any CPU.ActiveCfg = Debug|Any CPU
		{503498CD-184C-73B4-296B-86F71C5F932B}.Debug|Any CPU.Build.0 = Debug|Any CPU
		{503498CD-184C-73B4-296B-86F71C5F932B}.Release|Any CPU.ActiveCfg = Release|Any CPU
		{503498CD-184C-73B4-296B-86F71C5F932B}.Release|Any CPU.Build.0 = Release|Any CPU
		{248764A7-98E1-DDAC-B4E9-C3486F184A1E}.Debug|Any CPU.ActiveCfg = Debug|Any CPU
		{248764A7-98E1-DDAC-B4E9-C3486F184A1E}.Debug|Any CPU.Build.0 = Debug|Any CPU
		{248764A7-98E1-DDAC-B4E9-C3486F184A1E}.Release|Any CPU.ActiveCfg = Release|Any CPU
		{248764A7-98E1-DDAC-B4E9-C3486F184A1E}.Release|Any CPU.Build.0 = Release|Any CPU
		{3F8B899E-F552-A05A-BC2A-0C74428BF65F}.Debug|Any CPU.ActiveCfg = Debug|Any CPU
		{3F8B899E-F552-A05A-BC2A-0C74428BF65F}.Debug|Any CPU.Build.0 = Debug|Any CPU
		{3F8B899E-F552-A05A-BC2A-0C74428BF65F}.Release|Any CPU.ActiveCfg = Release|Any CPU
		{3F8B899E-F552-A05A-BC2A-0C74428BF65F}.Release|Any CPU.Build.0 = Release|Any CPU
		{71432215-CFC0-B2D5-D031-22C7BA7A4D26}.Debug|Any CPU.ActiveCfg = Debug|Any CPU
		{71432215-CFC0-B2D5-D031-22C7BA7A4D26}.Debug|Any CPU.Build.0 = Debug|Any CPU
		{71432215-CFC0-B2D5-D031-22C7BA7A4D26}.Release|Any CPU.ActiveCfg = Release|Any CPU
		{71432215-CFC0-B2D5-D031-22C7BA7A4D26}.Release|Any CPU.Build.0 = Release|Any CPU
		{1437DBAF-92C5-4AAD-6564-F8A4A9E8D5CE}.Debug|Any CPU.ActiveCfg = Debug|Any CPU
		{1437DBAF-92C5-4AAD-6564-F8A4A9E8D5CE}.Debug|Any CPU.Build.0 = Debug|Any CPU
		{1437DBAF-92C5-4AAD-6564-F8A4A9E8D5CE}.Release|Any CPU.ActiveCfg = Release|Any CPU
		{1437DBAF-92C5-4AAD-6564-F8A4A9E8D5CE}.Release|Any CPU.Build.0 = Release|Any CPU
		{B837DF62-ACAE-E81B-00D7-6741E7E2994A}.Debug|Any CPU.ActiveCfg = Debug|Any CPU
		{B837DF62-ACAE-E81B-00D7-6741E7E2994A}.Debug|Any CPU.Build.0 = Debug|Any CPU
		{B837DF62-ACAE-E81B-00D7-6741E7E2994A}.Release|Any CPU.ActiveCfg = Release|Any CPU
		{B837DF62-ACAE-E81B-00D7-6741E7E2994A}.Release|Any CPU.Build.0 = Release|Any CPU
	EndGlobalSection
	GlobalSection(SolutionProperties) = preSolution
		HideSolutionNode = FALSE
	EndGlobalSection
EndGlobal
